{
  "markbot": "a996dbd86878065d5b517255e600d6c2b863d74d60a831e3813b40e5c5cae4a0",
  "markbotignore": "030a4e6e1b3b6b510514a7ae54576e2c2ef762d56236c6414ef634955d96a126",
  "index-320.png": "5d2a1ab127f36c46409a5b9e753f8e67fe567d8103b85f6cabfd978dd5446444",
  "index-400.png": "625a14dc62d680b8697fec075dd90287d9384f82146feae1c4270000ce0d64ef",
  "index-608.png": "925e35849691eac10ad0f88de46aea3f3dffc13903f0ffbc551922537c9d43c5",
  "index-960.png": "a0c19c6ee30bf95dd01ce3dc9c1f3bf396690327750c106267c2280abeb07130",
  "index-1440.png": "44a671e04d85d9a0b9cf155df75771399112473bc4a1d52951cbc2b1ee8bbf85"
}